
Microsoft Visual Studio Solution File, Format Version 12.00
# Visual Studio 15
VisualStudioVersion = 15.0.28307.168
MinimumVisualStudioVersion = 10.0.40219.1
Project("{FAE04EC0-301F-11D3-BF4B-00C04F79EFBC}") = "CapitalStaging", "CapitalStaging\CapitalStaging.csproj", "{E54CF4F2-71BA-41A3-82BA-83867CB6BAE1}"
EndProject
Global
	GlobalSection(SolutionConfigurationPlatforms) = preSolution
		Debug|Any CPU = Debug|Any CPU
		Release|Any CPU = Release|Any CPU
	EndGlobalSection
	GlobalSection(ProjectConfigurationPlatforms) = postSolution
		{E54CF4F2-71BA-41A3-82BA-83867CB6BAE1}.Debug|Any CPU.ActiveCfg = Debug|Any CPU
		{E54CF4F2-71BA-41A3-82BA-83867CB6BAE1}.Debug|Any CPU.Build.0 = Debug|Any CPU
		{E54CF4F2-71BA-41A3-82BA-83867CB6BAE1}.Release|Any CPU.ActiveCfg = Release|Any CPU
		{E54CF4F2-71BA-41A3-82BA-83867CB6BAE1}.Release|Any CPU.Build.0 = Release|Any CPU
	EndGlobalSection
	GlobalSection(SolutionProperties) = preSolution
		HideSolutionNode = FALSE
	EndGlobalSection
	GlobalSection(ExtensibilityGlobals) = postSolution
		SolutionGuid = {079DF9EF-93A5-419E-A5A9-27493BBA0C67}
	EndGlobalSection
EndGlobal
